# This file was autogenerated by Stack.
# You should not edit this file by hand.
# For more information, please see the documentation at:
#   https://docs.haskellstack.org/en/stable/lock_files

packages:
- completed:
    hackage: containers-good-graph-0.6.4.1@sha256:cb9b68ce6708d53e40848bbe6a0f47e0712e3d3d0e1912330742419ff0243474,1535
    pantry-tree:
      size: 378
      sha256: 9405d396051acb2ac970e2ddd0d4397113115b65532e0c5fff4987c08a0ff17f
  original:
    hackage: containers-good-graph-0.6.4.1@sha256:cb9b68ce6708d53e40848bbe6a0f47e0712e3d3d0e1912330742419ff0243474,1535
snapshots:
- completed:
    size: 534126
    url: https://raw.githubusercontent.com/commercialhaskell/stackage-snapshots/master/lts/16/31.yaml
    sha256: 637fb77049b25560622a224845b7acfe81a09fdb6a96a3c75997a10b651667f6
  original: lts-16.31
